
Microsoft Visual Studio Solution File, Format Version 12.00
# Visual Studio 15
VisualStudioVersion = 15.0.28307.960
MinimumVisualStudioVersion = 10.0.40219.1
Project("{FAE04EC0-301F-11D3-BF4B-00C04F79EFBC}") = "WebApplication2", "WebApplication2\WebApplication2.csproj", "{D5AA6F34-372A-4618-9A48-B69C4596AFDF}"
EndProject
Global
	GlobalSection(SolutionConfigurationPlatforms) = preSolution
		Debug|Any CPU = Debug|Any CPU
		Release|Any CPU = Release|Any CPU
	EndGlobalSection
	GlobalSection(ProjectConfigurationPlatforms) = postSolution
		{D5AA6F34-372A-4618-9A48-B69C4596AFDF}.Debug|Any CPU.ActiveCfg = Debug|Any CPU
		{D5AA6F34-372A-4618-9A48-B69C4596AFDF}.Debug|Any CPU.Build.0 = Debug|Any CPU
		{D5AA6F34-372A-4618-9A48-B69C4596AFDF}.Release|Any CPU.ActiveCfg = Release|Any CPU
		{D5AA6F34-372A-4618-9A48-B69C4596AFDF}.Release|Any CPU.Build.0 = Release|Any CPU
	EndGlobalSection
	GlobalSection(SolutionProperties) = preSolution
		HideSolutionNode = FALSE
	EndGlobalSection
	GlobalSection(ExtensibilityGlobals) = postSolution
		SolutionGuid = {C102BC74-3759-4C81-8278-63F151D33BC3}
	EndGlobalSection
EndGlobal
